// !$*UTF8*$!
{
	archiveVersion = 1;
	classes = {
	};
	objectVersion = 51;
	objects = {

/* Begin PBXBuildFile section */
		0332E68F88DFCBAD69203BEE /* Pods_SampleTableViewTests.framework in Frameworks */ = {isa = PBXBuildFile; fileRef = 495926057A18092EF355BCCB /* Pods_SampleTableViewTests.framework */; };
		69224191B1A56D66B44864F7 /* Pods_SampleTableView.framework in Frameworks */ = {isa = PBXBuildFile; fileRef = 161CB8584190BD58314ACAB4 /* Pods_SampleTableView.framework */; };
		A18DF261E1374C7D46783547 /* Pods_SampleTableView_SampleTableViewUITests.framework in Frameworks */ = {isa = PBXBuildFile; fileRef = 58713938D91D7D398CCF0A39 /* Pods_SampleTableView_SampleTableViewUITests.framework */; };
		EDD81B7E244F2CCA00338F27 /* AppDelegate.swift in Sources */ = {isa = PBXBuildFile; fileRef = EDD81B7D244F2CCA00338F27 /* AppDelegate.swift */; };
		EDD81B80244F2CCA00338F27 /* SceneDelegate.swift in Sources */ = {isa = PBXBuildFile; fileRef = EDD81B7F244F2CCA00338F27 /* SceneDelegate.swift */; };
		EDD81B82244F2CCA00338F27 /* ViewController.swift in Sources */ = {isa = PBXBuildFile; fileRef = EDD81B81244F2CCA00338F27 /* ViewController.swift */; };
		EDD81B85244F2CCA00338F27 /* Main.storyboard in Resources */ = {isa = PBXBuildFile; fileRef = EDD81B83244F2CCA00338F27 /* Main.storyboard */; };
		EDD81B87244F2CCC00338F27 /* Assets.xcassets in Resources */ = {isa = PBXBuildFile; fileRef = EDD81B86244F2CCC00338F27 /* Assets.xcassets */; };
		EDD81B8A244F2CCC00338F27 /* LaunchScreen.storyboard in Resources */ = {isa = PBXBuildFile; fileRef = EDD81B88244F2CCC00338F27 /* LaunchScreen.storyboard */; };
		EDD81B95244F2CCC00338F27 /* SampleTableViewTests.swift in Sources */ = {isa = PBXBuildFile; fileRef = EDD81B94244F2CCC00338F27 /* SampleTableViewTests.swift */; };
		EDD81BA0244F2CCD00338F27 /* SampleTableViewUITests.swift in Sources */ = {isa = PBXBuildFile; fileRef = EDD81B9F244F2CCD00338F27 /* SampleTableViewUITests.swift */; };
		EDD81BF524502C9600338F27 /* ApiCallManager.swift in Sources */ = {isa = PBXBuildFile; fileRef = EDD81BF224502C9500338F27 /* ApiCallManager.swift */; };
		EDD81BF624502C9600338F27 /* CategoriesTableViewCell.swift in Sources */ = {isa = PBXBuildFile; fileRef = EDD81BF424502C9500338F27 /* CategoriesTableViewCell.swift */; };
/* End PBXBuildFile section */

/* Begin PBXContainerItemProxy section */
		EDD81B91244F2CCC00338F27 /* PBXContainerItemProxy */ = {
			isa = PBXContainerItemProxy;
			containerPortal = EDD81B72244F2CCA00338F27 /* Project object */;
			proxyType = 1;
			remoteGlobalIDString = EDD81B79244F2CCA00338F27;
			remoteInfo = SampleTableView;
		};
		EDD81B9C244F2CCD00338F27 /* PBXContainerItemProxy */ = {
			isa = PBXContainerItemProxy;
			containerPortal = EDD81B72244F2CCA00338F27 /* Project object */;
			proxyType = 1;
			remoteGlobalIDString = EDD81B79244F2CCA00338F27;
			remoteInfo = SampleTableView;
		};
/* End PBXContainerItemProxy section */

/* Begin PBXFileReference section */
		161CB8584190BD58314ACAB4 /* Pods_SampleTableView.framework */ = {isa = PBXFileReference; explicitFileType = wrapper.framework; includeInIndex = 0; path = Pods_SampleTableView.framework; sourceTree = BUILT_PRODUCTS_DIR; };
		29674B158D2A3366DB07074F /* Pods-SampleTableView-SampleTableViewUITests.debug.xcconfig */ = {isa = PBXFileReference; includeInIndex = 1; lastKnownFileType = text.xcconfig; name = "Pods-SampleTableView-SampleTableViewUITests.debug.xcconfig"; path = "Target Support Files/Pods-SampleTableView-SampleTableViewUITests/Pods-SampleTableView-SampleTableViewUITests.debug.xcconfig"; sourceTree = "<group>"; };
		37B157D7210B1D6A744D6FCC /* Pods-SampleTableViewTests.release.xcconfig */ = {isa = PBXFileReference; includeInIndex = 1; lastKnownFileType = text.xcconfig; name = "Pods-SampleTableViewTests.release.xcconfig"; path = "Target Support Files/Pods-SampleTableViewTests/Pods-SampleTableViewTests.release.xcconfig"; sourceTree = "<group>"; };
		495926057A18092EF355BCCB /* Pods_SampleTableViewTests.framework */ = {isa = PBXFileReference; explicitFileType = wrapper.framework; includeInIndex = 0; path = Pods_SampleTableViewTests.framework; sourceTree = BUILT_PRODUCTS_DIR; };
		5118124C853A068044FF4D3F /* Pods-SampleTableView-SampleTableViewUITests.release.xcconfig */ = {isa = PBXFileReference; includeInIndex = 1; lastKnownFileType = text.xcconfig; name = "Pods-SampleTableView-SampleTableViewUITests.release.xcconfig"; path = "Target Support Files/Pods-SampleTableView-SampleTableViewUITests/Pods-SampleTableView-SampleTableViewUITests.release.xcconfig"; sourceTree = "<group>"; };
		58713938D91D7D398CCF0A39 /* Pods_SampleTableView_SampleTableViewUITests.framework */ = {isa = PBXFileReference; explicitFileType = wrapper.framework; includeInIndex = 0; path = Pods_SampleTableView_SampleTableViewUITests.framework; sourceTree = BUILT_PRODUCTS_DIR; };
		777F0DD34E713308544B6FFB /* Pods-SampleTableViewTests.debug.xcconfig */ = {isa = PBXFileReference; includeInIndex = 1; lastKnownFileType = text.xcconfig; name = "Pods-SampleTableViewTests.debug.xcconfig"; path = "Target Support Files/Pods-SampleTableViewTests/Pods-SampleTableViewTests.debug.xcconfig"; sourceTree = "<group>"; };
		9FE715409F3D161847AE92C2 /* Pods-SampleTableView.release.xcconfig */ = {isa = PBXFileReference; includeInIndex = 1; lastKnownFileType = text.xcconfig; name = "Pods-SampleTableView.release.xcconfig"; path = "Target Support Files/Pods-SampleTableView/Pods-SampleTableView.release.xcconfig"; sourceTree = "<group>"; };
		A5FC5FBDB35E534E18BE5BDF /* Pods-SampleTableView.debug.xcconfig */ = {isa = PBXFileReference; includeInIndex = 1; lastKnownFileType = text.xcconfig; name = "Pods-SampleTableView.debug.xcconfig"; path = "Target Support Files/Pods-SampleTableView/Pods-SampleTableView.debug.xcconfig"; sourceTree = "<group>"; };
		EDD81B7A244F2CCA00338F27 /* SampleTableView.app */ = {isa = PBXFileReference; explicitFileType = wrapper.application; includeInIndex = 0; path = SampleTableView.app; sourceTree = BUILT_PRODUCTS_DIR; };
		EDD81B7D244F2CCA00338F27 /* AppDelegate.swift */ = {isa = PBXFileReference; lastKnownFileType = sourcecode.swift; path = AppDelegate.swift; sourceTree = "<group>"; };
		EDD81B7F244F2CCA00338F27 /* SceneDelegate.swift */ = {isa = PBXFileReference; lastKnownFileType = sourcecode.swift; path = SceneDelegate.swift; sourceTree = "<group>"; };
		EDD81B81244F2CCA00338F27 /* ViewController.swift */ = {isa = PBXFileReference; lastKnownFileType = sourcecode.swift; path = ViewController.swift; sourceTree = "<group>"; };
		EDD81B84244F2CCA00338F27 /* Base */ = {isa = PBXFileReference; lastKnownFileType = file.storyboard; name = Base; path = Base.lproj/Main.storyboard; sourceTree = "<group>"; };
		EDD81B86244F2CCC00338F27 /* Assets.xcassets */ = {isa = PBXFileReference; lastKnownFileType = folder.assetcatalog; path = Assets.xcassets; sourceTree = "<group>"; };
		EDD81B89244F2CCC00338F27 /* Base */ = {isa = PBXFileReference; lastKnownFileType = file.storyboard; name = Base; path = Base.lproj/LaunchScreen.storyboard; sourceTree = "<group>"; };
		EDD81B8B244F2CCC00338F27 /* Info.plist */ = {isa = PBXFileReference; lastKnownFileType = text.plist.xml; path = Info.plist; sourceTree = "<group>"; };
		EDD81B90244F2CCC00338F27 /* SampleTableViewTests.xctest */ = {isa = PBXFileReference; explicitFileType = wrapper.cfbundle; includeInIndex = 0; path = SampleTableViewTests.xctest; sourceTree = BUILT_PRODUCTS_DIR; };
		EDD81B94244F2CCC00338F27 /* SampleTableViewTests.swift */ = {isa = PBXFileReference; lastKnownFileType = sourcecode.swift; path = SampleTableViewTests.swift; sourceTree = "<group>"; };
		EDD81B96244F2CCC00338F27 /* Info.plist */ = {isa = PBXFileReference; lastKnownFileType = text.plist.xml; path = Info.plist; sourceTree = "<group>"; };
		EDD81B9B244F2CCD00338F27 /* SampleTableViewUITests.xctest */ = {isa = PBXFileReference; explicitFileType = wrapper.cfbundle; includeInIndex = 0; path = SampleTableViewUITests.xctest; sourceTree = BUILT_PRODUCTS_DIR; };
		EDD81B9F244F2CCD00338F27 /* SampleTableViewUITests.swift */ = {isa = PBXFileReference; lastKnownFileType = sourcecode.swift; path = SampleTableViewUITests.swift; sourceTree = "<group>"; };
		EDD81BA1244F2CCD00338F27 /* Info.plist */ = {isa = PBXFileReference; lastKnownFileType = text.plist.xml; path = Info.plist; sourceTree = "<group>"; };
		EDD81BF224502C9500338F27 /* ApiCallManager.swift */ = {isa = PBXFileReference; fileEncoding = 4; lastKnownFileType = sourcecode.swift; path = ApiCallManager.swift; sourceTree = "<group>"; };
		EDD81BF424502C9500338F27 /* CategoriesTableViewCell.swift */ = {isa = PBXFileReference; fileEncoding = 4; lastKnownFileType = sourcecode.swift; path = CategoriesTableViewCell.swift; sourceTree = "<group>"; };
/* End PBXFileReference section */

/* Begin PBXFrameworksBuildPhase section */
		EDD81B77244F2CCA00338F27 /* Frameworks */ = {
			isa = PBXFrameworksBuildPhase;
			buildActionMask = 2147483647;
			files = (
				69224191B1A56D66B44864F7 /* Pods_SampleTableView.framework in Frameworks */,
			);
			runOnlyForDeploymentPostprocessing = 0;
		};
		EDD81B8D244F2CCC00338F27 /* Frameworks */ = {
			isa = PBXFrameworksBuildPhase;
			buildActionMask = 2147483647;
			files = (
				0332E68F88DFCBAD69203BEE /* Pods_SampleTableViewTests.framework in Frameworks */,
			);
			runOnlyForDeploymentPostprocessing = 0;
		};
		EDD81B98244F2CCD00338F27 /* Frameworks */ = {
			isa = PBXFrameworksBuildPhase;
			buildActionMask = 2147483647;
			files = (
				A18DF261E1374C7D46783547 /* Pods_SampleTableView_SampleTableViewUITests.framework in Frameworks */,
			);
			runOnlyForDeploymentPostprocessing = 0;
		};
/* End PBXFrameworksBuildPhase section */

/* Begin PBXGroup section */
		48909764E8C04AE510FAE3A9 /* Pods */ = {
			isa = PBXGroup;
			children = (
				A5FC5FBDB35E534E18BE5BDF /* Pods-SampleTableView.debug.xcconfig */,
				9FE715409F3D161847AE92C2 /* Pods-SampleTableView.release.xcconfig */,
				29674B158D2A3366DB07074F /* Pods-SampleTableView-SampleTableViewUITests.debug.xcconfig */,
				5118124C853A068044FF4D3F /* Pods-SampleTableView-SampleTableViewUITests.release.xcconfig */,
				777F0DD34E713308544B6FFB /* Pods-SampleTableViewTests.debug.xcconfig */,
				37B157D7210B1D6A744D6FCC /* Pods-SampleTableViewTests.release.xcconfig */,
			);
			path = Pods;
			sourceTree = "<group>";
		};
		AD6077D7348CDFDD2760564B /* Frameworks */ = {
			isa = PBXGroup;
			children = (
				161CB8584190BD58314ACAB4 /* Pods_SampleTableView.framework */,
				58713938D91D7D398CCF0A39 /* Pods_SampleTableView_SampleTableViewUITests.framework */,
				495926057A18092EF355BCCB /* Pods_SampleTableViewTests.framework */,
			);
			name = Frameworks;
			sourceTree = "<group>";
		};
		EDD81B71244F2CCA00338F27 = {
			isa = PBXGroup;
			children = (
				EDD81B7C244F2CCA00338F27 /* SampleTableView */,
				EDD81B93244F2CCC00338F27 /* SampleTableViewTests */,
				EDD81B9E244F2CCD00338F27 /* SampleTableViewUITests */,
				EDD81B7B244F2CCA00338F27 /* Products */,
				48909764E8C04AE510FAE3A9 /* Pods */,
				AD6077D7348CDFDD2760564B /* Frameworks */,
			);
			sourceTree = "<group>";
		};
		EDD81B7B244F2CCA00338F27 /* Products */ = {
			isa = PBXGroup;
			children = (
				EDD81B7A244F2CCA00338F27 /* SampleTableView.app */,
				EDD81B90244F2CCC00338F27 /* SampleTableViewTests.xctest */,
				EDD81B9B244F2CCD00338F27 /* SampleTableViewUITests.xctest */,
			);
			name = Products;
			sourceTree = "<group>";
		};
		EDD81B7C244F2CCA00338F27 /* SampleTableView */ = {
			isa = PBXGroup;
			children = (
				EDD81B7D244F2CCA00338F27 /* AppDelegate.swift */,
				EDD81B7F244F2CCA00338F27 /* SceneDelegate.swift */,
				EDD81B81244F2CCA00338F27 /* ViewController.swift */,
				EDD81BF124502C9500338F27 /* APICallManagers */,
				EDD81BF324502C9500338F27 /* CustomCells */,
				EDD81B83244F2CCA00338F27 /* Main.storyboard */,
				EDD81B86244F2CCC00338F27 /* Assets.xcassets */,
				EDD81B88244F2CCC00338F27 /* LaunchScreen.storyboard */,
				EDD81B8B244F2CCC00338F27 /* Info.plist */,
			);
			path = SampleTableView;
			sourceTree = "<group>";
		};
		EDD81B93244F2CCC00338F27 /* SampleTableViewTests */ = {
			isa = PBXGroup;
			children = (
				EDD81B94244F2CCC00338F27 /* SampleTableViewTests.swift */,
				EDD81B96244F2CCC00338F27 /* Info.plist */,
			);
			path = SampleTableViewTests;
			sourceTree = "<group>";
		};
		EDD81B9E244F2CCD00338F27 /* SampleTableViewUITests */ = {
			isa = PBXGroup;
			children = (
				EDD81B9F244F2CCD00338F27 /* SampleTableViewUITests.swift */,
				EDD81BA1244F2CCD00338F27 /* Info.plist */,
			);
			path = SampleTableViewUITests;
			sourceTree = "<group>";
		};
		EDD81BF124502C9500338F27 /* APICallManagers */ = {
			isa = PBXGroup;
			children = (
				EDD81BF224502C9500338F27 /* ApiCallManager.swift */,
			);
			path = APICallManagers;
			sourceTree = "<group>";
		};
		EDD81BF324502C9500338F27 /* CustomCells */ = {
			isa = PBXGroup;
			children = (
				EDD81BF424502C9500338F27 /* CategoriesTableViewCell.swift */,
			);
			path = CustomCells;
			sourceTree = "<group>";
		};
/* End PBXGroup section */

/* Begin PBXNativeTarget section */
		EDD81B79244F2CCA00338F27 /* SampleTableView */ = {
			isa = PBXNativeTarget;
			buildConfigurationList = EDD81BA4244F2CCD00338F27 /* Build configuration list for PBXNativeTarget "SampleTableView" */;
			buildPhases = (
				142983FDD4B1D533DA1906B8 /* [CP] Check Pods Manifest.lock */,
				EDD81B76244F2CCA00338F27 /* Sources */,
				EDD81B77244F2CCA00338F27 /* Frameworks */,
				EDD81B78244F2CCA00338F27 /* Resources */,
				D52F03605CE6AC61081E2198 /* [CP] Embed Pods Frameworks */,
			);
			buildRules = (
			);
			dependencies = (
			);
			name = SampleTableView;
			productName = SampleTableView;
			productReference = EDD81B7A244F2CCA00338F27 /* SampleTableView.app */;
			productType = "com.apple.product-type.application";
		};
		EDD81B8F244F2CCC00338F27 /* SampleTableViewTests */ = {
			isa = PBXNativeTarget;
			buildConfigurationList = EDD81BA7244F2CCD00338F27 /* Build configuration list for PBXNativeTarget "SampleTableViewTests" */;
			buildPhases = (
				A39B6FE64C99922C6B4C02F4 /* [CP] Check Pods Manifest.lock */,
				EDD81B8C244F2CCC00338F27 /* Sources */,
				EDD81B8D244F2CCC00338F27 /* Frameworks */,
				EDD81B8E244F2CCC00338F27 /* Resources */,
				00AE70E497FD98E118977980 /* [CP] Embed Pods Frameworks */,
			);
			buildRules = (
			);
			dependencies = (
				EDD81B92244F2CCC00338F27 /* PBXTargetDependency */,
			);
			name = SampleTableViewTests;
			productName = SampleTableViewTests;
			productReference = EDD81B90244F2CCC00338F27 /* SampleTableViewTests.xctest */;
			productType = "com.apple.product-type.bundle.unit-test";
		};
		EDD81B9A244F2CCD00338F27 /* SampleTableViewUITests */ = {
			isa = PBXNativeTarget;
			buildConfigurationList = EDD81BAA244F2CCD00338F27 /* Build configuration list for PBXNativeTarget "SampleTableViewUITests" */;
			buildPhases = (
				A37CA8956151D6F75A0F40D7 /* [CP] Check Pods Manifest.lock */,
				EDD81B97244F2CCD00338F27 /* Sources */,
				EDD81B98244F2CCD00338F27 /* Frameworks */,
				EDD81B99244F2CCD00338F27 /* Resources */,
				26B6AFBB4FB937E49786ED0C /* [CP] Embed Pods Frameworks */,
			);
			buildRules = (
			);
			dependencies = (
				EDD81B9D244F2CCD00338F27 /* PBXTargetDependency */,
			);
			name = SampleTableViewUITests;
			productName = SampleTableViewUITests;
			productReference = EDD81B9B244F2CCD00338F27 /* SampleTableViewUITests.xctest */;
			productType = "com.apple.product-type.bundle.ui-testing";
		};
/* End PBXNativeTarget section */

/* Begin PBXProject section */
		EDD81B72244F2CCA00338F27 /* Project object */ = {
			isa = PBXProject;
			attributes = {
				LastSwiftUpdateCheck = 1110;
				LastUpgradeCheck = 1110;
				ORGANIZATIONNAME = Kartheek;
				TargetAttributes = {
					EDD81B79244F2CCA00338F27 = {
						CreatedOnToolsVersion = 11.1;
					};
					EDD81B8F244F2CCC00338F27 = {
						CreatedOnToolsVersion = 11.1;
						TestTargetID = EDD81B79244F2CCA00338F27;
					};
					EDD81B9A244F2CCD00338F27 = {
						CreatedOnToolsVersion = 11.1;
						TestTargetID = EDD81B79244F2CCA00338F27;
					};
				};
			};
			buildConfigurationList = EDD81B75244F2CCA00338F27 /* Build configuration list for PBXProject "SampleTableView" */;
			compatibilityVersion = "Xcode 9.3";
			developmentRegion = en;
			hasScannedForEncodings = 0;
			knownRegions = (
				en,
				Base,
			);
			mainGroup = EDD81B71244F2CCA00338F27;
			productRefGroup = EDD81B7B244F2CCA00338F27 /* Products */;
			projectDirPath = "";
			projectRoot = "";
			targets = (
				EDD81B79244F2CCA00338F27 /* SampleTableView */,
				EDD81B8F244F2CCC00338F27 /* SampleTableViewTests */,
				EDD81B9A244F2CCD00338F27 /* SampleTableViewUITests */,
			);
		};
/* End PBXProject section */

/* Begin PBXResourcesBuildPhase section */
		EDD81B78244F2CCA00338F27 /* Resources */ = {
			isa = PBXResourcesBuildPhase;
			buildActionMask = 2147483647;
			files = (
				EDD81B8A244F2CCC00338F27 /* LaunchScreen.storyboard in Resources */,
				EDD81B87244F2CCC00338F27 /* Assets.xcassets in Resources */,
				EDD81B85244F2CCA00338F27 /* Main.storyboard in Resources */,
			);
			runOnlyForDeploymentPostprocessing = 0;
		};
		EDD81B8E244F2CCC00338F27 /* Resources */ = {
			isa = PBXResourcesBuildPhase;
			buildActionMask = 2147483647;
			files = (
			);
			runOnlyForDeploymentPostprocessing = 0;
		};
		EDD81B99244F2CCD00338F27 /* Resources */ = {
			isa = PBXResourcesBuildPhase;
			buildActionMask = 2147483647;
			files = (
			);
			runOnlyForDeploymentPostprocessing = 0;
		};
/* End PBXResourcesBuildPhase section */

/* Begin PBXShellScriptBuildPhase section */
		00AE70E497FD98E118977980 /* [CP] Embed Pods Frameworks */ = {
			isa = PBXShellScriptBuildPhase;
			buildActionMask = 2147483647;
			files = (
			);
			inputFileListPaths = (
				"${PODS_ROOT}/Target Support Files/Pods-SampleTableViewTests/Pods-SampleTableViewTests-frameworks-${CONFIGURATION}-input-files.xcfilelist",
			);
			name = "[CP] Embed Pods Frameworks";
			outputFileListPaths = (
				"${PODS_ROOT}/Target Support Files/Pods-SampleTableViewTests/Pods-SampleTableViewTests-frameworks-${CONFIGURATION}-output-files.xcfilelist",
			);
			runOnlyForDeploymentPostprocessing = 0;
			shellPath = /bin/sh;
			shellScript = "\"${PODS_ROOT}/Target Support Files/Pods-SampleTableViewTests/Pods-SampleTableViewTests-frameworks.sh\"\n";
			showEnvVarsInLog = 0;
		};
		142983FDD4B1D533DA1906B8 /* [CP] Check Pods Manifest.lock */ = {
			isa = PBXShellScriptBuildPhase;
			buildActionMask = 2147483647;
			files = (
			);
			inputFileListPaths = (
			);
			inputPaths = (
				"${PODS_PODFILE_DIR_PATH}/Podfile.lock",
				"${PODS_ROOT}/Manifest.lock",
			);
			name = "[CP] Check Pods Manifest.lock";
			outputFileListPaths = (
			);
			outputPaths = (
				"$(DERIVED_FILE_DIR)/Pods-SampleTableView-checkManifestLockResult.txt",
			);
			runOnlyForDeploymentPostprocessing = 0;
			shellPath = /bin/sh;
			shellScript = "diff \"${PODS_PODFILE_DIR_PATH}/Podfile.lock\" \"${PODS_ROOT}/Manifest.lock\" > /dev/null\nif [ $? != 0 ] ; then\n    # print error to STDERR\n    echo \"error: The sandbox is not in sync with the Podfile.lock. Run 'pod install' or update your CocoaPods installation.\" >&2\n    exit 1\nfi\n# This output is used by Xcode 'outputs' to avoid re-running this script phase.\necho \"SUCCESS\" > \"${SCRIPT_OUTPUT_FILE_0}\"\n";
			showEnvVarsInLog = 0;
		};
		26B6AFBB4FB937E49786ED0C /* [CP] Embed Pods Frameworks */ = {
			isa = PBXShellScriptBuildPhase;
			buildActionMask = 2147483647;
			files = (
			);
			inputFileListPaths = (
				"${PODS_ROOT}/Target Support Files/Pods-SampleTableView-SampleTableViewUITests/Pods-SampleTableView-SampleTableViewUITests-frameworks-${CONFIGURATION}-input-files.xcfilelist",
			);
			name = "[CP] Embed Pods Frameworks";
			outputFileListPaths = (
				"${PODS_ROOT}/Target Support Files/Pods-SampleTableView-SampleTableViewUITests/Pods-SampleTableView-SampleTableViewUITests-frameworks-${CONFIGURATION}-output-files.xcfilelist",
			);
			runOnlyForDeploymentPostprocessing = 0;
			shellPath = /bin/sh;
			shellScript = "\"${PODS_ROOT}/Target Support Files/Pods-SampleTableView-SampleTableViewUITests/Pods-SampleTableView-SampleTableViewUITests-frameworks.sh\"\n";
			showEnvVarsInLog = 0;
		};
		A37CA8956151D6F75A0F40D7 /* [CP] Check Pods Manifest.lock */ = {
			isa = PBXShellScriptBuildPhase;
			buildActionMask = 2147483647;
			files = (
			);
			inputFileListPaths = (
			);
			inputPaths = (
				"${PODS_PODFILE_DIR_PATH}/Podfile.lock",
				"${PODS_ROOT}/Manifest.lock",
			);
			name = "[CP] Check Pods Manifest.lock";
			outputFileListPaths = (
			);
			outputPaths = (
				"$(DERIVED_FILE_DIR)/Pods-SampleTableView-SampleTableViewUITests-checkManifestLockResult.txt",
			);
			runOnlyForDeploymentPostprocessing = 0;
			shellPath = /bin/sh;
			shellScript = "diff \"${PODS_PODFILE_DIR_PATH}/Podfile.lock\" \"${PODS_ROOT}/Manifest.lock\" > /dev/null\nif [ $? != 0 ] ; then\n    # print error to STDERR\n    echo \"error: The sandbox is not in sync with the Podfile.lock. Run 'pod install' or update your CocoaPods installation.\" >&2\n    exit 1\nfi\n# This output is used by Xcode 'outputs' to avoid re-running this script phase.\necho \"SUCCESS\" > \"${SCRIPT_OUTPUT_FILE_0}\"\n";
			showEnvVarsInLog = 0;
		};
		A39B6FE64C99922C6B4C02F4 /* [CP] Check Pods Manifest.lock */ = {
			isa = PBXShellScriptBuildPhase;
			buildActionMask = 2147483647;
			files = (
			);
			inputFileListPaths = (
			);
			inputPaths = (
				"${PODS_PODFILE_DIR_PATH}/Podfile.lock",
				"${PODS_ROOT}/Manifest.lock",
			);
			name = "[CP] Check Pods Manifest.lock";
			outputFileListPaths = (
			);
			outputPaths = (
				"$(DERIVED_FILE_DIR)/Pods-SampleTableViewTests-checkManifestLockResult.txt",
			);
			runOnlyForDeploymentPostprocessing = 0;
			shellPath = /bin/sh;
			shellScript = "diff \"${PODS_PODFILE_DIR_PATH}/Podfile.lock\" \"${PODS_ROOT}/Manifest.lock\" > /dev/null\nif [ $? != 0 ] ; then\n    # print error to STDERR\n    echo \"error: The sandbox is not in sync with the Podfile.lock. Run 'pod install' or update your CocoaPods installation.\" >&2\n    exit 1\nfi\n# This output is used by Xcode 'outputs' to avoid re-running this script phase.\necho \"SUCCESS\" > \"${SCRIPT_OUTPUT_FILE_0}\"\n";
			showEnvVarsInLog = 0;
		};
		D52F03605CE6AC61081E2198 /* [CP] Embed Pods Frameworks */ = {
			isa = PBXShellScriptBuildPhase;
			buildActionMask = 2147483647;
			files = (
			);
			inputFileListPaths = (
				"${PODS_ROOT}/Target Support Files/Pods-SampleTableView/Pods-SampleTableView-frameworks-${CONFIGURATION}-input-files.xcfilelist",
			);
			name = "[CP] Embed Pods Frameworks";
			outputFileListPaths = (
				"${PODS_ROOT}/Target Support Files/Pods-SampleTableView/Pods-SampleTableView-frameworks-${CONFIGURATION}-output-files.xcfilelist",
			);
			runOnlyForDeploymentPostprocessing = 0;
			shellPath = /bin/sh;
			shellScript = "\"${PODS_ROOT}/Target Support Files/Pods-SampleTableView/Pods-SampleTableView-frameworks.sh\"\n";
			showEnvVarsInLog = 0;
		};
/* End PBXShellScriptBuildPhase section */

/* Begin PBXSourcesBuildPhase section */
		EDD81B76244F2CCA00338F27 /* Sources */ = {
			isa = PBXSourcesBuildPhase;
			buildActionMask = 2147483647;
			files = (
				EDD81BF524502C9600338F27 /* ApiCallManager.swift in Sources */,
				EDD81B82244F2CCA00338F27 /* ViewController.swift in Sources */,
				EDD81B7E244F2CCA00338F27 /* AppDelegate.swift in Sources */,
				EDD81B80244F2CCA00338F27 /* SceneDelegate.swift in Sources */,
				EDD81BF624502C9600338F27 /* CategoriesTableViewCell.swift in Sources */,
			);
			runOnlyForDeploymentPostprocessing = 0;
		};
		EDD81B8C244F2CCC00338F27 /* Sources */ = {
			isa = PBXSourcesBuildPhase;
			buildActionMask = 2147483647;
			files = (
				EDD81B95244F2CCC00338F27 /* SampleTableViewTests.swift in Sources */,
			);
			runOnlyForDeploymentPostprocessing = 0;
		};
		EDD81B97244F2CCD00338F27 /* Sources */ = {
			isa = PBXSourcesBuildPhase;
			buildActionMask = 2147483647;
			files = (
				EDD81BA0244F2CCD00338F27 /* SampleTableViewUITests.swift in Sources */,
			);
			runOnlyForDeploymentPostprocessing = 0;
		};
/* End PBXSourcesBuildPhase section */

/* Begin PBXTargetDependency section */
		EDD81B92244F2CCC00338F27 /* PBXTargetDependency */ = {
			isa = PBXTargetDependency;
			target = EDD81B79244F2CCA00338F27 /* SampleTableView */;
			targetProxy = EDD81B91244F2CCC00338F27 /* PBXContainerItemProxy */;
		};
		EDD81B9D244F2CCD00338F27 /* PBXTargetDependency */ = {
			isa = PBXTargetDependency;
			target = EDD81B79244F2CCA00338F27 /* SampleTableView */;
			targetProxy = EDD81B9C244F2CCD00338F27 /* PBXContainerItemProxy */;
		};
/* End PBXTargetDependency section */

/* Begin PBXVariantGroup section */
		EDD81B83244F2CCA00338F27 /* Main.storyboard */ = {
			isa = PBXVariantGroup;
			children = (
				EDD81B84244F2CCA00338F27 /* Base */,
			);
			name = Main.storyboard;
			sourceTree = "<group>";
		};
		EDD81B88244F2CCC00338F27 /* LaunchScreen.storyboard */ = {
			isa = PBXVariantGroup;
			children = (
				EDD81B89244F2CCC00338F27 /* Base */,
			);
			name = LaunchScreen.storyboard;
			sourceTree = "<group>";
		};
/* End PBXVariantGroup section */

/* Begin XCBuildConfiguration section */
		EDD81BA2244F2CCD00338F27 /* Debug */ = {
			isa = XCBuildConfiguration;
			buildSettings = {
				ALWAYS_SEARCH_USER_PATHS = NO;
				CLANG_ANALYZER_NONNULL = YES;
				CLANG_ANALYZER_NUMBER_OBJECT_CONVERSION = YES_AGGRESSIVE;
				CLANG_CXX_LANGUAGE_STANDARD = "gnu++14";
				CLANG_CXX_LIBRARY = "libc++";
				CLANG_ENABLE_MODULES = YES;
				CLANG_ENABLE_OBJC_ARC = YES;
				CLANG_ENABLE_OBJC_WEAK = YES;
				CLANG_WARN_BLOCK_CAPTURE_AUTORELEASING = YES;
				CLANG_WARN_BOOL_CONVERSION = YES;
				CLANG_WARN_COMMA = YES;
				CLANG_WARN_CONSTANT_CONVERSION = YES;
				CLANG_WARN_DEPRECATED_OBJC_IMPLEMENTATIONS = YES;
				CLANG_WARN_DIRECT_OBJC_ISA_USAGE = YES_ERROR;
				CLANG_WARN_DOCUMENTATION_COMMENTS = YES;
				CLANG_WARN_EMPTY_BODY = YES;
				CLANG_WARN_ENUM_CONVERSION = YES;
				CLANG_WARN_INFINITE_RECURSION = YES;
				CLANG_WARN_INT_CONVERSION = YES;
				CLANG_WARN_NON_LITERAL_NULL_CONVERSION = YES;
				CLANG_WARN_OBJC_IMPLICIT_RETAIN_SELF = YES;
				CLANG_WARN_OBJC_LITERAL_CONVERSION = YES;
				CLANG_WARN_OBJC_ROOT_CLASS = YES_ERROR;
				CLANG_WARN_RANGE_LOOP_ANALYSIS = YES;
				CLANG_WARN_STRICT_PROTOTYPES = YES;
				CLANG_WARN_SUSPICIOUS_MOVE = YES;
				CLANG_WARN_UNGUARDED_AVAILABILITY = YES_AGGRESSIVE;
				CLANG_WARN_UNREACHABLE_CODE = YES;
				CLANG_WARN__DUPLICATE_METHOD_MATCH = YES;
				COPY_PHASE_STRIP = NO;
				DEBUG_INFORMATION_FORMAT = dwarf;
				ENABLE_STRICT_OBJC_MSGSEND = YES;
				ENABLE_TESTABILITY = YES;
				GCC_C_LANGUAGE_STANDARD = gnu11;
				GCC_DYNAMIC_NO_PIC = NO;
				GCC_NO_COMMON_BLOCKS = YES;
				GCC_OPTIMIZATION_LEVEL = 0;
				GCC_PREPROCESSOR_DEFINITIONS = (
					"DEBUG=1",
					"$(inherited)",
				);
				GCC_WARN_64_TO_32_BIT_CONVERSION = YES;
				GCC_WARN_ABOUT_RETURN_TYPE = YES_ERROR;
				GCC_WARN_UNDECLARED_SELECTOR = YES;
				GCC_WARN_UNINITIALIZED_AUTOS = YES_AGGRESSIVE;
				GCC_WARN_UNUSED_FUNCTION = YES;
				GCC_WARN_UNUSED_VARIABLE = YES;
				IPHONEOS_DEPLOYMENT_TARGET = 13.1;
				MTL_ENABLE_DEBUG_INFO = INCLUDE_SOURCE;
				MTL_FAST_MATH = YES;
				ONLY_ACTIVE_ARCH = YES;
				SDKROOT = iphoneos;
				SWIFT_ACTIVE_COMPILATION_CONDITIONS = DEBUG;
				SWIFT_OPTIMIZATION_LEVEL = "-Onone";
			};
			name = Debug;
		};
		EDD81BA3244F2CCD00338F27 /* Release */ = {
			isa = XCBuildConfiguration;
			buildSettings = {
				ALWAYS_SEARCH_USER_PATHS = NO;
				CLANG_ANALYZER_NONNULL = YES;
				CLANG_ANALYZER_NUMBER_OBJECT_CONVERSION = YES_AGGRESSIVE;
				CLANG_CXX_LANGUAGE_STANDARD = "gnu++14";
				CLANG_CXX_LIBRARY = "libc++";
				CLANG_ENABLE_MODULES = YES;
				CLANG_ENABLE_OBJC_ARC = YES;
				CLANG_ENABLE_OBJC_WEAK = YES;
				CLANG_WARN_BLOCK_CAPTURE_AUTORELEASING = YES;
				CLANG_WARN_BOOL_CONVERSION = YES;
				CLANG_WARN_COMMA = YES;
				CLANG_WARN_CONSTANT_CONVERSION = YES;
				CLANG_WARN_DEPRECATED_OBJC_IMPLEMENTATIONS = YES;
				CLANG_WARN_DIRECT_OBJC_ISA_USAGE = YES_ERROR;
				CLANG_WARN_DOCUMENTATION_COMMENTS = YES;
				CLANG_WARN_EMPTY_BODY = YES;
				CLANG_WARN_ENUM_CONVERSION = YES;
				CLANG_WARN_INFINITE_RECURSION = YES;
				CLANG_WARN_INT_CONVERSION = YES;
				CLANG_WARN_NON_LITERAL_NULL_CONVERSION = YES;
				CLANG_WARN_OBJC_IMPLICIT_RETAIN_SELF = YES;
				CLANG_WARN_OBJC_LITERAL_CONVERSION = YES;
				CLANG_WARN_OBJC_ROOT_CLASS = YES_ERROR;
				CLANG_WARN_RANGE_LOOP_ANALYSIS = YES;
				CLANG_WARN_STRICT_PROTOTYPES = YES;
				CLANG_WARN_SUSPICIOUS_MOVE = YES;
				CLANG_WARN_UNGUARDED_AVAILABILITY = YES_AGGRESSIVE;
				CLANG_WARN_UNREACHABLE_CODE = YES;
				CLANG_WARN__DUPLICATE_METHOD_MATCH = YES;
				COPY_PHASE_STRIP = NO;
				DEBUG_INFORMATION_FORMAT = "dwarf-with-dsym";
				ENABLE_NS_ASSERTIONS = NO;
				ENABLE_STRICT_OBJC_MSGSEND = YES;
				GCC_C_LANGUAGE_STANDARD = gnu11;
				GCC_NO_COMMON_BLOCKS = YES;
				GCC_WARN_64_TO_32_BIT_CONVERSION = YES;
				GCC_WARN_ABOUT_RETURN_TYPE = YES_ERROR;
				GCC_WARN_UNDECLARED_SELECTOR = YES;
				GCC_WARN_UNINITIALIZED_AUTOS = YES_AGGRESSIVE;
				GCC_WARN_UNUSED_FUNCTION = YES;
				GCC_WARN_UNUSED_VARIABLE = YES;
				IPHONEOS_DEPLOYMENT_TARGET = 13.1;
				MTL_ENABLE_DEBUG_INFO = NO;
				MTL_FAST_MATH = YES;
				SDKROOT = iphoneos;
				SWIFT_COMPILATION_MODE = wholemodule;
				SWIFT_OPTIMIZATION_LEVEL = "-O";
				VALIDATE_PRODUCT = YES;
			};
			name = Release;
		};
		EDD81BA5244F2CCD00338F27 /* Debug */ = {
			isa = XCBuildConfiguration;
			baseConfigurationReference = A5FC5FBDB35E534E18BE5BDF /* Pods-SampleTableView.debug.xcconfig */;
			buildSettings = {
				ASSETCATALOG_COMPILER_APPICON_NAME = AppIcon;
				CODE_SIGN_STYLE = Automatic;
				DEVELOPMENT_TEAM = 8N92E545DN;
				INFOPLIST_FILE = SampleTableView/Info.plist;
				LD_RUNPATH_SEARCH_PATHS = (
					"$(inherited)",
					"@executable_path/Frameworks",
				);
				PRODUCT_BUNDLE_IDENTIFIER = com.kartheek.SampleTableView;
				PRODUCT_NAME = "$(TARGET_NAME)";
				SWIFT_VERSION = 5.0;
				TARGETED_DEVICE_FAMILY = "1,2";
			};
			name = Debug;
		};
		EDD81BA6244F2CCD00338F27 /* Release */ = {
			isa = XCBuildConfiguration;
			baseConfigurationReference = 9FE715409F3D161847AE92C2 /* Pods-SampleTableView.release.xcconfig */;
			buildSettings = {
				ASSETCATALOG_COMPILER_APPICON_NAME = AppIcon;
				CODE_SIGN_STYLE = Automatic;
				DEVELOPMENT_TEAM = 8N92E545DN;
				INFOPLIST_FILE = SampleTableView/Info.plist;
				LD_RUNPATH_SEARCH_PATHS = (
					"$(inherited)",
					"@executable_path/Frameworks",
				);
				PRODUCT_BUNDLE_IDENTIFIER = com.kartheek.SampleTableView;
				PRODUCT_NAME = "$(TARGET_NAME)";
				SWIFT_VERSION = 5.0;
				TARGETED_DEVICE_FAMILY = "1,2";
			};
			name = Release;
		};
		EDD81BA8244F2CCD00338F27 /* Debug */ = {
			isa = XCBuildConfiguration;
			baseConfigurationReference = 777F0DD34E713308544B6FFB /* Pods-SampleTableViewTests.debug.xcconfig */;
			buildSettings = {
				ALWAYS_EMBED_SWIFT_STANDARD_LIBRARIES = YES;
				BUNDLE_LOADER = "$(TEST_HOST)";
				CODE_SIGN_STYLE = Automatic;
				DEVELOPMENT_TEAM = 8N92E545DN;
				INFOPLIST_FILE = SampleTableViewTests/Info.plist;
				IPHONEOS_DEPLOYMENT_TARGET = 13.1;
				LD_RUNPATH_SEARCH_PATHS = (
					"$(inherited)",
					"@executable_path/Frameworks",
					"@loader_path/Frameworks",
				);
				PRODUCT_BUNDLE_IDENTIFIER = com.kartheek.SampleTableViewTests;
				PRODUCT_NAME = "$(TARGET_NAME)";
				SWIFT_VERSION = 5.0;
				TARGETED_DEVICE_FAMILY = "1,2";
				TEST_HOST = "$(BUILT_PRODUCTS_DIR)/SampleTableView.app/SampleTableView";
			};
			name = Debug;
		};
		EDD81BA9244F2CCD00338F27 /* Release */ = {
			isa = XCBuildConfiguration;
			baseConfigurationReference = 37B157D7210B1D6A744D6FCC /* Pods-SampleTableViewTests.release.xcconfig */;
			buildSettings = {
				ALWAYS_EMBED_SWIFT_STANDARD_LIBRARIES = YES;
				BUNDLE_LOADER = "$(TEST_HOST)";
				CODE_SIGN_STYLE = Automatic;
				DEVELOPMENT_TEAM = 8N92E545DN;
				INFOPLIST_FILE = SampleTableViewTests/Info.plist;
				IPHONEOS_DEPLOYMENT_TARGET = 13.1;
				LD_RUNPATH_SEARCH_PATHS = (
					"$(inherited)",
					"@executable_path/Frameworks",
					"@loader_path/Frameworks",
				);
				PRODUCT_BUNDLE_IDENTIFIER = com.kartheek.SampleTableViewTests;
				PRODUCT_NAME = "$(TARGET_NAME)";
				SWIFT_VERSION = 5.0;
				TARGETED_DEVICE_FAMILY = "1,2";
				TEST_HOST = "$(BUILT_PRODUCTS_DIR)/SampleTableView.app/SampleTableView";
			};
			name = Release;
		};
		EDD81BAB244F2CCD00338F27 /* Debug */ = {
			isa = XCBuildConfiguration;
			baseConfigurationReference = 29674B158D2A3366DB07074F /* Pods-SampleTableView-SampleTableViewUITests.debug.xcconfig */;
			buildSettings = {
				ALWAYS_EMBED_SWIFT_STANDARD_LIBRARIES = YES;
				CODE_SIGN_STYLE = Automatic;
				DEVELOPMENT_TEAM = 8N92E545DN;
				INFOPLIST_FILE = SampleTableViewUITests/Info.plist;
				LD_RUNPATH_SEARCH_PATHS = (
					"$(inherited)",
					"@executable_path/Frameworks",
					"@loader_path/Frameworks",
				);
				PRODUCT_BUNDLE_IDENTIFIER = com.kartheek.SampleTableViewUITests;
				PRODUCT_NAME = "$(TARGET_NAME)";
				SWIFT_VERSION = 5.0;
				TARGETED_DEVICE_FAMILY = "1,2";
				TEST_TARGET_NAME = SampleTableView;
			};
			name = Debug;
		};
		EDD81BAC244F2CCD00338F27 /* Release */ = {
			isa = XCBuildConfiguration;
			baseConfigurationReference = 5118124C853A068044FF4D3F /* Pods-SampleTableView-SampleTableViewUITests.release.xcconfig */;
			buildSettings = {
				ALWAYS_EMBED_SWIFT_STANDARD_LIBRARIES = YES;
				CODE_SIGN_STYLE = Automatic;
				DEVELOPMENT_TEAM = 8N92E545DN;
				INFOPLIST_FILE = SampleTableViewUITests/Info.plist;
				LD_RUNPATH_SEARCH_PATHS = (
					"$(inherited)",
					"@executable_path/Frameworks",
					"@loader_path/Frameworks",
				);
				PRODUCT_BUNDLE_IDENTIFIER = com.kartheek.SampleTableViewUITests;
				PRODUCT_NAME = "$(TARGET_NAME)";
				SWIFT_VERSION = 5.0;
				TARGETED_DEVICE_FAMILY = "1,2";
				TEST_TARGET_NAME = SampleTableView;
			};
			name = Release;
		};
/* End XCBuildConfiguration section */

/* Begin XCConfigurationList section */
		EDD81B75244F2CCA00338F27 /* Build configuration list for PBXProject "SampleTableView" */ = {
			isa = XCConfigurationList;
			buildConfigurations = (
				EDD81BA2244F2CCD00338F27 /* Debug */,
				EDD81BA3244F2CCD00338F27 /* Release */,
			);
			defaultConfigurationIsVisible = 0;
			defaultConfigurationName = Release;
		};
		EDD81BA4244F2CCD00338F27 /* Build configuration list for PBXNativeTarget "SampleTableView" */ = {
			isa = XCConfigurationList;
			buildConfigurations = (
				EDD81BA5244F2CCD00338F27 /* Debug */,
				EDD81BA6244F2CCD00338F27 /* Release */,
			);
			defaultConfigurationIsVisible = 0;
			defaultConfigurationName = Release;
		};
		EDD81BA7244F2CCD00338F27 /* Build configuration list for PBXNativeTarget "SampleTableViewTests" */ = {
			isa = XCConfigurationList;
			buildConfigurations = (
				EDD81BA8244F2CCD00338F27 /* Debug */,
				EDD81BA9244F2CCD00338F27 /* Release */,
			);
			defaultConfigurationIsVisible = 0;
			defaultConfigurationName = Release;
		};
		EDD81BAA244F2CCD00338F27 /* Build configuration list for PBXNativeTarget "SampleTableViewUITests" */ = {
			isa = XCConfigurationList;
			buildConfigurations = (
				EDD81BAB244F2CCD00338F27 /* Debug */,
				EDD81BAC244F2CCD00338F27 /* Release */,
			);
			defaultConfigurationIsVisible = 0;
			defaultConfigurationName = Release;
		};
/* End XCConfigurationList section */
	};
	rootObject = EDD81B72244F2CCA00338F27 /* Project object */;
}
